
Microsoft Visual Studio Solution File, Format Version 12.00
# Visual Studio 14
VisualStudioVersion = 14.0.25420.1
MinimumVisualStudioVersion = 10.0.40219.1
Project("{FAE04EC0-301F-11D3-BF4B-00C04F79EFBC}") = "Movie_review", "Movie_review\Movie_review.csproj", "{1C013E7B-D268-4DEE-89B3-2A4C7FC78EFF}"
EndProject
Global
	GlobalSection(SolutionConfigurationPlatforms) = preSolution
		Debug|Any CPU = Debug|Any CPU
		Release|Any CPU = Release|Any CPU
	EndGlobalSection
	GlobalSection(ProjectConfigurationPlatforms) = postSolution
		{1C013E7B-D268-4DEE-89B3-2A4C7FC78EFF}.Debug|Any CPU.ActiveCfg = Debug|Any CPU
		{1C013E7B-D268-4DEE-89B3-2A4C7FC78EFF}.Debug|Any CPU.Build.0 = Debug|Any CPU
		{1C013E7B-D268-4DEE-89B3-2A4C7FC78EFF}.Release|Any CPU.ActiveCfg = Release|Any CPU
		{1C013E7B-D268-4DEE-89B3-2A4C7FC78EFF}.Release|Any CPU.Build.0 = Release|Any CPU
	EndGlobalSection
	GlobalSection(SolutionProperties) = preSolution
		HideSolutionNode = FALSE
	EndGlobalSection
EndGlobal
